
Microsoft Visual Studio Solution File, Format Version 12.00
# Visual Studio Version 16
VisualStudioVersion = 16.0.30503.244
MinimumVisualStudioVersion = 10.0.40219.1
Project("{FAE04EC0-301F-11D3-BF4B-00C04F79EFBC}") = "LanguageSwitchDemo.Android", "LanguageSwitchDemo\LanguageSwitchDemo.Android\LanguageSwitchDemo.Android.csproj", "{0EF19973-4713-47C8-BD95-B3FF1B53160B}"
EndProject
Project("{FAE04EC0-301F-11D3-BF4B-00C04F79EFBC}") = "LanguageSwitchDemo.iOS", "LanguageSwitchDemo\LanguageSwitchDemo.iOS\LanguageSwitchDemo.iOS.csproj", "{84AB351E-453D-4FC0-8137-F4E0E482525B}"
EndProject
Project("{FAE04EC0-301F-11D3-BF4B-00C04F79EFBC}") = "LanguageSwitchDemo", "LanguageSwitchDemo\LanguageSwitchDemo\LanguageSwitchDemo.csproj", "{DF871D25-8CC1-444F-91AC-5C28FBF3D884}"
EndProject
Global
	GlobalSection(SolutionConfigurationPlatforms) = preSolution
		Debug|Any CPU = Debug|Any CPU
		Debug|iPhone = Debug|iPhone
		Debug|iPhoneSimulator = Debug|iPhoneSimulator
		Release|Any CPU = Release|Any CPU
		Release|iPhone = Release|iPhone
		Release|iPhoneSimulator = Release|iPhoneSimulator
	EndGlobalSection
	GlobalSection(ProjectConfigurationPlatforms) = postSolution
		{0EF19973-4713-47C8-BD95-B3FF1B53160B}.Debug|Any CPU.ActiveCfg = Debug|Any CPU
		{0EF19973-4713-47C8-BD95-B3FF1B53160B}.Debug|Any CPU.Build.0 = Debug|Any CPU
		{0EF19973-4713-47C8-BD95-B3FF1B53160B}.Debug|Any CPU.Deploy.0 = Debug|Any CPU
		{0EF19973-4713-47C8-BD95-B3FF1B53160B}.Debug|iPhone.ActiveCfg = Debug|Any CPU
		{0EF19973-4713-47C8-BD95-B3FF1B53160B}.Debug|iPhone.Build.0 = Debug|Any CPU
		{0EF19973-4713-47C8-BD95-B3FF1B53160B}.Debug|iPhone.Deploy.0 = Debug|Any CPU
		{0EF19973-4713-47C8-BD95-B3FF1B53160B}.Debug|iPhoneSimulator.ActiveCfg = Debug|Any CPU
		{0EF19973-4713-47C8-BD95-B3FF1B53160B}.Debug|iPhoneSimulator.Build.0 = Debug|Any CPU
		{0EF19973-4713-47C8-BD95-B3FF1B53160B}.Debug|iPhoneSimulator.Deploy.0 = Debug|Any CPU
		{0EF19973-4713-47C8-BD95-B3FF1B53160B}.Release|Any CPU.ActiveCfg = Release|Any CPU
		{0EF19973-4713-47C8-BD95-B3FF1B53160B}.Release|Any CPU.Build.0 = Release|Any CPU
		{0EF19973-4713-47C8-BD95-B3FF1B53160B}.Release|Any CPU.Deploy.0 = Release|Any CPU
		{0EF19973-4713-47C8-BD95-B3FF1B53160B}.Release|iPhone.ActiveCfg = Release|Any CPU
		{0EF19973-4713-47C8-BD95-B3FF1B53160B}.Release|iPhone.Build.0 = Release|Any CPU
		{0EF19973-4713-47C8-BD95-B3FF1B53160B}.Release|iPhone.Deploy.0 = Release|Any CPU
		{0EF19973-4713-47C8-BD95-B3FF1B53160B}.Release|iPhoneSimulator.ActiveCfg = Release|Any CPU
		{0EF19973-4713-47C8-BD95-B3FF1B53160B}.Release|iPhoneSimulator.Build.0 = Release|Any CPU
		{0EF19973-4713-47C8-BD95-B3FF1B53160B}.Release|iPhoneSimulator.Deploy.0 = Release|Any CPU
		{84AB351E-453D-4FC0-8137-F4E0E482525B}.Debug|Any CPU.ActiveCfg = Debug|iPhone
		{84AB351E-453D-4FC0-8137-F4E0E482525B}.Debug|Any CPU.Build.0 = Debug|iPhone
		{84AB351E-453D-4FC0-8137-F4E0E482525B}.Debug|Any CPU.Deploy.0 = Debug|iPhone
		{84AB351E-453D-4FC0-8137-F4E0E482525B}.Debug|iPhone.ActiveCfg = Debug|iPhone
		{84AB351E-453D-4FC0-8137-F4E0E482525B}.Debug|iPhone.Build.0 = Debug|iPhone
		{84AB351E-453D-4FC0-8137-F4E0E482525B}.Debug|iPhone.Deploy.0 = Debug|iPhone
		{84AB351E-453D-4FC0-8137-F4E0E482525B}.Debug|iPhoneSimulator.ActiveCfg = Debug|iPhoneSimulator
		{84AB351E-453D-4FC0-8137-F4E0E482525B}.Debug|iPhoneSimulator.Build.0 = Debug|iPhoneSimulator
		{84AB351E-453D-4FC0-8137-F4E0E482525B}.Debug|iPhoneSimulator.Deploy.0 = Debug|iPhoneSimulator
		{84AB351E-453D-4FC0-8137-F4E0E482525B}.Release|Any CPU.ActiveCfg = Release|iPhoneSimulator
		{84AB351E-453D-4FC0-8137-F4E0E482525B}.Release|Any CPU.Build.0 = Release|iPhoneSimulator
		{84AB351E-453D-4FC0-8137-F4E0E482525B}.Release|Any CPU.Deploy.0 = Release|iPhoneSimulator
		{84AB351E-453D-4FC0-8137-F4E0E482525B}.Release|iPhone.ActiveCfg = Release|iPhone
		{84AB351E-453D-4FC0-8137-F4E0E482525B}.Release|iPhone.Build.0 = Release|iPhone
		{84AB351E-453D-4FC0-8137-F4E0E482525B}.Release|iPhone.Deploy.0 = Release|iPhone
		{84AB351E-453D-4FC0-8137-F4E0E482525B}.Release|iPhoneSimulator.ActiveCfg = Release|iPhoneSimulator
		{84AB351E-453D-4FC0-8137-F4E0E482525B}.Release|iPhoneSimulator.Build.0 = Release|iPhoneSimulator
		{84AB351E-453D-4FC0-8137-F4E0E482525B}.Release|iPhoneSimulator.Deploy.0 = Release|iPhoneSimulator
		{DF871D25-8CC1-444F-91AC-5C28FBF3D884}.Debug|Any CPU.ActiveCfg = Debug|Any CPU
		{DF871D25-8CC1-444F-91AC-5C28FBF3D884}.Debug|Any CPU.Build.0 = Debug|Any CPU
		{DF871D25-8CC1-444F-91AC-5C28FBF3D884}.Debug|Any CPU.Deploy.0 = Debug|Any CPU
		{DF871D25-8CC1-444F-91AC-5C28FBF3D884}.Debug|iPhone.ActiveCfg = Debug|Any CPU
		{DF871D25-8CC1-444F-91AC-5C28FBF3D884}.Debug|iPhone.Build.0 = Debug|Any CPU
		{DF871D25-8CC1-444F-91AC-5C28FBF3D884}.Debug|iPhone.Deploy.0 = Debug|Any CPU
		{DF871D25-8CC1-444F-91AC-5C28FBF3D884}.Debug|iPhoneSimulator.ActiveCfg = Debug|Any CPU
		{DF871D25-8CC1-444F-91AC-5C28FBF3D884}.Debug|iPhoneSimulator.Build.0 = Debug|Any CPU
		{DF871D25-8CC1-444F-91AC-5C28FBF3D884}.Debug|iPhoneSimulator.Deploy.0 = Debug|Any CPU
		{DF871D25-8CC1-444F-91AC-5C28FBF3D884}.Release|Any CPU.ActiveCfg = Release|Any CPU
		{DF871D25-8CC1-444F-91AC-5C28FBF3D884}.Release|Any CPU.Build.0 = Release|Any CPU
		{DF871D25-8CC1-444F-91AC-5C28FBF3D884}.Release|Any CPU.Deploy.0 = Release|Any CPU
		{DF871D25-8CC1-444F-91AC-5C28FBF3D884}.Release|iPhone.ActiveCfg = Release|Any CPU
		{DF871D25-8CC1-444F-91AC-5C28FBF3D884}.Release|iPhone.Build.0 = Release|Any CPU
		{DF871D25-8CC1-444F-91AC-5C28FBF3D884}.Release|iPhone.Deploy.0 = Release|Any CPU
		{DF871D25-8CC1-444F-91AC-5C28FBF3D884}.Release|iPhoneSimulator.ActiveCfg = Release|Any CPU
		{DF871D25-8CC1-444F-91AC-5C28FBF3D884}.Release|iPhoneSimulator.Build.0 = Release|Any CPU
		{DF871D25-8CC1-444F-91AC-5C28FBF3D884}.Release|iPhoneSimulator.Deploy.0 = Release|Any CPU
	EndGlobalSection
	GlobalSection(SolutionProperties) = preSolution
		HideSolutionNode = FALSE
	EndGlobalSection
	GlobalSection(ExtensibilityGlobals) = postSolution
		SolutionGuid = {F330FC73-4782-4693-9373-291C93F1866C}
	EndGlobalSection
EndGlobal
